
Microsoft Visual Studio Solution File, Format Version 12.00
# Visual Studio 14
VisualStudioVersion = 14.0.25123.0
MinimumVisualStudioVersion = 10.0.40219.1
Project("{3F21EAF2-5D76-4740-9735-83B1F2C4318E}") = "Sitecore.Support.140555", "Sitecore.Support.140555\Sitecore.Support.140555.csproj", "{1D2C96EE-4EA6-45E5-BC7E-3DEE492B11E1}"
EndProject
Global
	GlobalSection(SolutionConfigurationPlatforms) = preSolution
		Debug|Any CPU = Debug|Any CPU
		Release|Any CPU = Release|Any CPU
	EndGlobalSection
	GlobalSection(ProjectConfigurationPlatforms) = postSolution
		{1D2C96EE-4EA6-45E5-BC7E-3DEE492B11E1}.Debug|Any CPU.ActiveCfg = Debug|Any CPU
		{1D2C96EE-4EA6-45E5-BC7E-3DEE492B11E1}.Debug|Any CPU.Build.0 = Debug|Any CPU
		{1D2C96EE-4EA6-45E5-BC7E-3DEE492B11E1}.Release|Any CPU.ActiveCfg = Release|Any CPU
		{1D2C96EE-4EA6-45E5-BC7E-3DEE492B11E1}.Release|Any CPU.Build.0 = Release|Any CPU
	EndGlobalSection
	GlobalSection(SolutionProperties) = preSolution
		HideSolutionNode = FALSE
	EndGlobalSection
EndGlobal
